{
  "nodes": {
    "cachix": {
      "locked": {
        "lastModified": 1614124008,
        "narHash": "sha256-yFHLr1pUW0BT0tMpYrKYXlkfErjjYKmJG/W9qnNc0T0=",
        "owner": "nixos",
        "repo": "nixpkgs",
        "rev": "721312288f7001215a0d482579cd013dec397d16",
        "type": "github"
      },
      "original": {
        "owner": "nixos",
        "ref": "nixos-20.09",
        "repo": "nixpkgs",
        "type": "github"
      }
    },
    "mozilla": {
      "flake": false,
      "locked": {
        "lastModified": 1603906276,
        "narHash": "sha256-RsNPnEKd7BcogwkqhaV5kI/HuNC4flH/OQCC/4W5y/8=",
        "owner": "mozilla",
        "repo": "nixpkgs-mozilla",
        "rev": "8c007b60731c07dd7a052cce508de3bb1ae849b4",
        "type": "github"
      },
      "original": {
        "owner": "mozilla",
        "repo": "nixpkgs-mozilla",
        "type": "github"
      }
    },
    "nixpkgs": {
      "locked": {
        "lastModified": 1614029319,
        "narHash": "sha256-PXu4Vf05f3E2vpl7/Iop/O+gw655O3SONYVFxbl0kuc=",
        "owner": "nixos",
        "repo": "nixpkgs",
        "rev": "c7d0dbe094c988209edac801eb2a0cc21aa498d8",
        "type": "github"
      },
      "original": {
        "owner": "nixos",
        "ref": "nixos-unstable",
        "repo": "nixpkgs",
        "type": "github"
      }
    },
    "root": {
      "inputs": {
        "cachix": "cachix",
        "mozilla": "mozilla",
        "nixpkgs": "nixpkgs"
      }
    }
  },
  "root": "root",
  "version": 7
}
